
Microsoft Visual Studio Solution File, Format Version 12.00
# Visual Studio Version 16
VisualStudioVersion = 16.0.32002.261
MinimumVisualStudioVersion = 10.0.40219.1
Project("{8BC9CEB8-8B4A-11D0-8D11-00A0C91BC942}") = "ALL_BUILD", "ALL_BUILD.vcxproj", "{C3D62F75-9CC0-3F68-921F-8298966D7670}"
	ProjectSection(ProjectDependencies) = postProject
		{2372BBB0-C723-38D0-BFA5-02F4A607099B} = {2372BBB0-C723-38D0-BFA5-02F4A607099B}
		{383A456F-9F01-3BCD-9071-80656BFC5893} = {383A456F-9F01-3BCD-9071-80656BFC5893}
		{636FAAA3-9D22-3D93-92E9-F67DA10C04F8} = {636FAAA3-9D22-3D93-92E9-F67DA10C04F8}
		{621ECB30-C1FD-37D8-8378-C15499157A00} = {621ECB30-C1FD-37D8-8378-C15499157A00}
	EndProjectSection
EndProject
Project("{8BC9CEB8-8B4A-11D0-8D11-00A0C91BC942}") = "INSTALL", "INSTALL.vcxproj", "{2FC2CA93-CE99-3EB3-90E1-943738CBC01B}"
	ProjectSection(ProjectDependencies) = postProject
		{C3D62F75-9CC0-3F68-921F-8298966D7670} = {C3D62F75-9CC0-3F68-921F-8298966D7670}
		{2372BBB0-C723-38D0-BFA5-02F4A607099B} = {2372BBB0-C723-38D0-BFA5-02F4A607099B}
	EndProjectSection
EndProject
Project("{8BC9CEB8-8B4A-11D0-8D11-00A0C91BC942}") = "ZERO_CHECK", "ZERO_CHECK.vcxproj", "{2372BBB0-C723-38D0-BFA5-02F4A607099B}"
EndProject
Project("{8BC9CEB8-8B4A-11D0-8D11-00A0C91BC942}") = "dark", "dark.vcxproj", "{383A456F-9F01-3BCD-9071-80656BFC5893}"
	ProjectSection(ProjectDependencies) = postProject
		{2372BBB0-C723-38D0-BFA5-02F4A607099B} = {2372BBB0-C723-38D0-BFA5-02F4A607099B}
	EndProjectSection
EndProject
Project("{8BC9CEB8-8B4A-11D0-8D11-00A0C91BC942}") = "darknet", "darknet.vcxproj", "{636FAAA3-9D22-3D93-92E9-F67DA10C04F8}"
	ProjectSection(ProjectDependencies) = postProject
		{2372BBB0-C723-38D0-BFA5-02F4A607099B} = {2372BBB0-C723-38D0-BFA5-02F4A607099B}
	EndProjectSection
EndProject
Project("{8BC9CEB8-8B4A-11D0-8D11-00A0C91BC942}") = "uselib", "uselib.vcxproj", "{621ECB30-C1FD-37D8-8378-C15499157A00}"
	ProjectSection(ProjectDependencies) = postProject
		{2372BBB0-C723-38D0-BFA5-02F4A607099B} = {2372BBB0-C723-38D0-BFA5-02F4A607099B}
		{383A456F-9F01-3BCD-9071-80656BFC5893} = {383A456F-9F01-3BCD-9071-80656BFC5893}
	EndProjectSection
EndProject
Global
	GlobalSection(SolutionConfigurationPlatforms) = preSolution
		Debug|x64 = Debug|x64
		MinSizeRel|x64 = MinSizeRel|x64
		Release|x64 = Release|x64
		RelWithDebInfo|x64 = RelWithDebInfo|x64
	EndGlobalSection
	GlobalSection(ProjectConfigurationPlatforms) = postSolution
		{C3D62F75-9CC0-3F68-921F-8298966D7670}.Debug|x64.ActiveCfg = Debug|x64
		{C3D62F75-9CC0-3F68-921F-8298966D7670}.Debug|x64.Build.0 = Debug|x64
		{C3D62F75-9CC0-3F68-921F-8298966D7670}.MinSizeRel|x64.ActiveCfg = MinSizeRel|x64
		{C3D62F75-9CC0-3F68-921F-8298966D7670}.MinSizeRel|x64.Build.0 = MinSizeRel|x64
		{C3D62F75-9CC0-3F68-921F-8298966D7670}.Release|x64.ActiveCfg = Release|x64
		{C3D62F75-9CC0-3F68-921F-8298966D7670}.Release|x64.Build.0 = Release|x64
		{C3D62F75-9CC0-3F68-921F-8298966D7670}.RelWithDebInfo|x64.ActiveCfg = RelWithDebInfo|x64
		{C3D62F75-9CC0-3F68-921F-8298966D7670}.RelWithDebInfo|x64.Build.0 = RelWithDebInfo|x64
		{2FC2CA93-CE99-3EB3-90E1-943738CBC01B}.Debug|x64.ActiveCfg = Debug|x64
		{2FC2CA93-CE99-3EB3-90E1-943738CBC01B}.Debug|x64.Build.0 = Debug|x64
		{2FC2CA93-CE99-3EB3-90E1-943738CBC01B}.MinSizeRel|x64.ActiveCfg = MinSizeRel|x64
		{2FC2CA93-CE99-3EB3-90E1-943738CBC01B}.Release|x64.ActiveCfg = Release|x64
		{2FC2CA93-CE99-3EB3-90E1-943738CBC01B}.Release|x64.Build.0 = Release|x64
		{2FC2CA93-CE99-3EB3-90E1-943738CBC01B}.RelWithDebInfo|x64.ActiveCfg = RelWithDebInfo|x64
		{2372BBB0-C723-38D0-BFA5-02F4A607099B}.Debug|x64.ActiveCfg = Debug|x64
		{2372BBB0-C723-38D0-BFA5-02F4A607099B}.Debug|x64.Build.0 = Debug|x64
		{2372BBB0-C723-38D0-BFA5-02F4A607099B}.MinSizeRel|x64.ActiveCfg = MinSizeRel|x64
		{2372BBB0-C723-38D0-BFA5-02F4A607099B}.MinSizeRel|x64.Build.0 = MinSizeRel|x64
		{2372BBB0-C723-38D0-BFA5-02F4A607099B}.Release|x64.ActiveCfg = Release|x64
		{2372BBB0-C723-38D0-BFA5-02F4A607099B}.Release|x64.Build.0 = Release|x64
		{2372BBB0-C723-38D0-BFA5-02F4A607099B}.RelWithDebInfo|x64.ActiveCfg = RelWithDebInfo|x64
		{2372BBB0-C723-38D0-BFA5-02F4A607099B}.RelWithDebInfo|x64.Build.0 = RelWithDebInfo|x64
		{383A456F-9F01-3BCD-9071-80656BFC5893}.Debug|x64.ActiveCfg = Debug|x64
		{383A456F-9F01-3BCD-9071-80656BFC5893}.Debug|x64.Build.0 = Debug|x64
		{383A456F-9F01-3BCD-9071-80656BFC5893}.MinSizeRel|x64.ActiveCfg = MinSizeRel|x64
		{383A456F-9F01-3BCD-9071-80656BFC5893}.MinSizeRel|x64.Build.0 = MinSizeRel|x64
		{383A456F-9F01-3BCD-9071-80656BFC5893}.Release|x64.ActiveCfg = Release|x64
		{383A456F-9F01-3BCD-9071-80656BFC5893}.Release|x64.Build.0 = Release|x64
		{383A456F-9F01-3BCD-9071-80656BFC5893}.RelWithDebInfo|x64.ActiveCfg = RelWithDebInfo|x64
		{383A456F-9F01-3BCD-9071-80656BFC5893}.RelWithDebInfo|x64.Build.0 = RelWithDebInfo|x64
		{636FAAA3-9D22-3D93-92E9-F67DA10C04F8}.Debug|x64.ActiveCfg = Debug|x64
		{636FAAA3-9D22-3D93-92E9-F67DA10C04F8}.Debug|x64.Build.0 = Debug|x64
		{636FAAA3-9D22-3D93-92E9-F67DA10C04F8}.MinSizeRel|x64.ActiveCfg = MinSizeRel|x64
		{636FAAA3-9D22-3D93-92E9-F67DA10C04F8}.MinSizeRel|x64.Build.0 = MinSizeRel|x64
		{636FAAA3-9D22-3D93-92E9-F67DA10C04F8}.Release|x64.ActiveCfg = Release|x64
		{636FAAA3-9D22-3D93-92E9-F67DA10C04F8}.Release|x64.Build.0 = Release|x64
		{636FAAA3-9D22-3D93-92E9-F67DA10C04F8}.RelWithDebInfo|x64.ActiveCfg = RelWithDebInfo|x64
		{636FAAA3-9D22-3D93-92E9-F67DA10C04F8}.RelWithDebInfo|x64.Build.0 = RelWithDebInfo|x64
		{621ECB30-C1FD-37D8-8378-C15499157A00}.Debug|x64.ActiveCfg = Debug|x64
		{621ECB30-C1FD-37D8-8378-C15499157A00}.Debug|x64.Build.0 = Debug|x64
		{621ECB30-C1FD-37D8-8378-C15499157A00}.MinSizeRel|x64.ActiveCfg = MinSizeRel|x64
		{621ECB30-C1FD-37D8-8378-C15499157A00}.MinSizeRel|x64.Build.0 = MinSizeRel|x64
		{621ECB30-C1FD-37D8-8378-C15499157A00}.Release|x64.ActiveCfg = Release|x64
		{621ECB30-C1FD-37D8-8378-C15499157A00}.Release|x64.Build.0 = Release|x64
		{621ECB30-C1FD-37D8-8378-C15499157A00}.RelWithDebInfo|x64.ActiveCfg = RelWithDebInfo|x64
		{621ECB30-C1FD-37D8-8378-C15499157A00}.RelWithDebInfo|x64.Build.0 = RelWithDebInfo|x64
	EndGlobalSection
	GlobalSection(SolutionProperties) = preSolution
		HideSolutionNode = FALSE
	EndGlobalSection
	GlobalSection(ExtensibilityGlobals) = postSolution
		SolutionGuid = {86304CC3-0F71-399C-8667-630D835555A3}
	EndGlobalSection
EndGlobal
